
Microsoft Visual Studio Solution File, Format Version 12.00
# Visual Studio Version 17
VisualStudioVersion = 17.11.35312.102
MinimumVisualStudioVersion = 10.0.40219.1
Project("{2150E333-8FDC-42A3-9474-1A3956D46DE8}") = "ApplicationCore", "ApplicationCore", "{9FB0EC45-6914-41EF-9956-E7938D1C36AB}"
EndProject
Project("{2150E333-8FDC-42A3-9474-1A3956D46DE8}") = "Infrastructure", "Infrastructure", "{E78E1A57-5D77-4116-B51C-8E4E4634916E}"
EndProject
Project("{2150E333-8FDC-42A3-9474-1A3956D46DE8}") = "Presentation", "Presentation", "{67D201B6-11E9-4961-A73D-25696575FD42}"
EndProject
Project("{2150E333-8FDC-42A3-9474-1A3956D46DE8}") = "Solution Items", "Solution Items", "{079BE6D3-A120-46B5-A150-23DC5747DE51}"
	ProjectSection(SolutionItems) = preProject
		.gitignore = .gitignore
		docker-compose.yml = docker-compose.yml
	EndProjectSection
EndProject
Project("{9A19103F-16F7-4668-BE54-9A1E7A4F7556}") = "Gatam.Application", "ApplicationCore\Gatam.Application\Gatam.Application.csproj", "{0B6F5E8B-3A85-458D-BBF4-92CB9D8E7C6C}"
EndProject
Project("{9A19103F-16F7-4668-BE54-9A1E7A4F7556}") = "Gatam.Domain", "ApplicationCore\Gatam.Domain\Gatam.Domain.csproj", "{433B7854-AA90-4BFA-ADD7-1615469D5785}"
EndProject
Project("{9A19103F-16F7-4668-BE54-9A1E7A4F7556}") = "Gatam.Infrastructure", "Infrastructure\Gatam.Infrastructure\Gatam.Infrastructure.csproj", "{42C7702F-7F16-4E20-86D1-BC5FD753E086}"
EndProject
Project("{9A19103F-16F7-4668-BE54-9A1E7A4F7556}") = "Gatam.WebAPI", "Presentation\Gatam.WebAPI\Gatam.WebAPI.csproj", "{06483A2B-96DD-45E4-8602-44C052EB27B9}"
EndProject
Project("{9A19103F-16F7-4668-BE54-9A1E7A4F7556}") = "Gatam.WebAppVolger", "Presentation\Gatam.WebAppVolger\Gatam.WebAppVolger.csproj", "{0FFEF455-F797-4E54-ABB1-15B79A1F919C}"
EndProject
Project("{9A19103F-16F7-4668-BE54-9A1E7A4F7556}") = "Gatam.WebAppBegeleider", "Presentation\Gatam.WebAppBegeleider\Gatam.WebAppBegeleider.csproj", "{49F7B7BF-6A22-4C49-B626-51AD269996FF}"
EndProject
Project("{9A19103F-16F7-4668-BE54-9A1E7A4F7556}") = "UnitTesting", "UnitTesting\UnitTesting.csproj", "{3EB2CB42-6A8D-47C0-BCE8-8F4BB6A43CCB}"
EndProject
Project("{FAE04EC0-301F-11D3-BF4B-00C04F79EFBC}") = "Gatam.Shared", "ApplicationCore\Gatam.Shared\Gatam.Shared.csproj", "{EA201CE8-24EF-4848-94AD-85450DE50C49}"
EndProject
Global
	GlobalSection(SolutionConfigurationPlatforms) = preSolution
		Debug|Any CPU = Debug|Any CPU
		Release|Any CPU = Release|Any CPU
	EndGlobalSection
	GlobalSection(ProjectConfigurationPlatforms) = postSolution
		{0B6F5E8B-3A85-458D-BBF4-92CB9D8E7C6C}.Debug|Any CPU.ActiveCfg = Debug|Any CPU
		{0B6F5E8B-3A85-458D-BBF4-92CB9D8E7C6C}.Debug|Any CPU.Build.0 = Debug|Any CPU
		{0B6F5E8B-3A85-458D-BBF4-92CB9D8E7C6C}.Release|Any CPU.ActiveCfg = Release|Any CPU
		{0B6F5E8B-3A85-458D-BBF4-92CB9D8E7C6C}.Release|Any CPU.Build.0 = Release|Any CPU
		{433B7854-AA90-4BFA-ADD7-1615469D5785}.Debug|Any CPU.ActiveCfg = Debug|Any CPU
		{433B7854-AA90-4BFA-ADD7-1615469D5785}.Debug|Any CPU.Build.0 = Debug|Any CPU
		{433B7854-AA90-4BFA-ADD7-1615469D5785}.Release|Any CPU.ActiveCfg = Release|Any CPU
		{433B7854-AA90-4BFA-ADD7-1615469D5785}.Release|Any CPU.Build.0 = Release|Any CPU
		{42C7702F-7F16-4E20-86D1-BC5FD753E086}.Debug|Any CPU.ActiveCfg = Debug|Any CPU
		{42C7702F-7F16-4E20-86D1-BC5FD753E086}.Debug|Any CPU.Build.0 = Debug|Any CPU
		{42C7702F-7F16-4E20-86D1-BC5FD753E086}.Release|Any CPU.ActiveCfg = Release|Any CPU
		{42C7702F-7F16-4E20-86D1-BC5FD753E086}.Release|Any CPU.Build.0 = Release|Any CPU
		{06483A2B-96DD-45E4-8602-44C052EB27B9}.Debug|Any CPU.ActiveCfg = Debug|Any CPU
		{06483A2B-96DD-45E4-8602-44C052EB27B9}.Debug|Any CPU.Build.0 = Debug|Any CPU
		{06483A2B-96DD-45E4-8602-44C052EB27B9}.Release|Any CPU.ActiveCfg = Release|Any CPU
		{06483A2B-96DD-45E4-8602-44C052EB27B9}.Release|Any CPU.Build.0 = Release|Any CPU
		{0FFEF455-F797-4E54-ABB1-15B79A1F919C}.Debug|Any CPU.ActiveCfg = Debug|Any CPU
		{0FFEF455-F797-4E54-ABB1-15B79A1F919C}.Debug|Any CPU.Build.0 = Debug|Any CPU
		{0FFEF455-F797-4E54-ABB1-15B79A1F919C}.Release|Any CPU.ActiveCfg = Release|Any CPU
		{0FFEF455-F797-4E54-ABB1-15B79A1F919C}.Release|Any CPU.Build.0 = Release|Any CPU
		{49F7B7BF-6A22-4C49-B626-51AD269996FF}.Debug|Any CPU.ActiveCfg = Debug|Any CPU
		{49F7B7BF-6A22-4C49-B626-51AD269996FF}.Debug|Any CPU.Build.0 = Debug|Any CPU
		{49F7B7BF-6A22-4C49-B626-51AD269996FF}.Release|Any CPU.ActiveCfg = Release|Any CPU
		{49F7B7BF-6A22-4C49-B626-51AD269996FF}.Release|Any CPU.Build.0 = Release|Any CPU
		{3EB2CB42-6A8D-47C0-BCE8-8F4BB6A43CCB}.Debug|Any CPU.ActiveCfg = Debug|Any CPU
		{3EB2CB42-6A8D-47C0-BCE8-8F4BB6A43CCB}.Debug|Any CPU.Build.0 = Debug|Any CPU
		{3EB2CB42-6A8D-47C0-BCE8-8F4BB6A43CCB}.Release|Any CPU.ActiveCfg = Release|Any CPU
		{3EB2CB42-6A8D-47C0-BCE8-8F4BB6A43CCB}.Release|Any CPU.Build.0 = Release|Any CPU
		{EA201CE8-24EF-4848-94AD-85450DE50C49}.Debug|Any CPU.ActiveCfg = Debug|Any CPU
		{EA201CE8-24EF-4848-94AD-85450DE50C49}.Debug|Any CPU.Build.0 = Debug|Any CPU
		{EA201CE8-24EF-4848-94AD-85450DE50C49}.Release|Any CPU.ActiveCfg = Release|Any CPU
		{EA201CE8-24EF-4848-94AD-85450DE50C49}.Release|Any CPU.Build.0 = Release|Any CPU
	EndGlobalSection
	GlobalSection(SolutionProperties) = preSolution
		HideSolutionNode = FALSE
	EndGlobalSection
	GlobalSection(NestedProjects) = preSolution
		{0B6F5E8B-3A85-458D-BBF4-92CB9D8E7C6C} = {9FB0EC45-6914-41EF-9956-E7938D1C36AB}
		{433B7854-AA90-4BFA-ADD7-1615469D5785} = {9FB0EC45-6914-41EF-9956-E7938D1C36AB}
		{42C7702F-7F16-4E20-86D1-BC5FD753E086} = {E78E1A57-5D77-4116-B51C-8E4E4634916E}
		{06483A2B-96DD-45E4-8602-44C052EB27B9} = {67D201B6-11E9-4961-A73D-25696575FD42}
		{0FFEF455-F797-4E54-ABB1-15B79A1F919C} = {67D201B6-11E9-4961-A73D-25696575FD42}
		{49F7B7BF-6A22-4C49-B626-51AD269996FF} = {67D201B6-11E9-4961-A73D-25696575FD42}
		{EA201CE8-24EF-4848-94AD-85450DE50C49} = {9FB0EC45-6914-41EF-9956-E7938D1C36AB}
	EndGlobalSection
	GlobalSection(ExtensibilityGlobals) = postSolution
		SolutionGuid = {58AA4686-F140-4D6C-AAD0-496D4E8EDD94}
	EndGlobalSection
EndGlobal
